
Microsoft Visual Studio Solution File, Format Version 12.00
# Visual Studio Version 17
VisualStudioVersion = 17.5.002.0
MinimumVisualStudioVersion = 10.0.40219.1
Project("{9A19103F-16F7-4668-BE54-9A1E7A4F7556}") = "ResumeTemplater", "ResumeTemplater\ResumeTemplater.csproj", "{1C5F17AD-400A-4D94-A002-146E5F38DC70}"
EndProject
Global
	GlobalSection(SolutionConfigurationPlatforms) = preSolution
		Debug|Any CPU = Debug|Any CPU
		Release|Any CPU = Release|Any CPU
	EndGlobalSection
	GlobalSection(ProjectConfigurationPlatforms) = postSolution
		{1C5F17AD-400A-4D94-A002-146E5F38DC70}.Debug|Any CPU.ActiveCfg = Debug|Any CPU
		{1C5F17AD-400A-4D94-A002-146E5F38DC70}.Debug|Any CPU.Build.0 = Debug|Any CPU
		{1C5F17AD-400A-4D94-A002-146E5F38DC70}.Release|Any CPU.ActiveCfg = Release|Any CPU
		{1C5F17AD-400A-4D94-A002-146E5F38DC70}.Release|Any CPU.Build.0 = Release|Any CPU
	EndGlobalSection
	GlobalSection(SolutionProperties) = preSolution
		HideSolutionNode = FALSE
	EndGlobalSection
	GlobalSection(ExtensibilityGlobals) = postSolution
		SolutionGuid = {C39DA2CF-8EDE-4BFB-A427-46083BA79258}
	EndGlobalSection
EndGlobal
